<Solution>
  <Folder Name="/Solution Items/">
    <File Path="../LICENSE" />
    <File Path="../README.md" />
    <File Path="Common/stylecop.json" />
    <File Path="Directory.Build.props" />
    <File Path="Directory.Packages.props" />
  </Folder>
  <Project Path="Woohoo.ChecksumCalculator.AvaloniaDesktop/Woohoo.ChecksumCalculator.AvaloniaDesktop.csproj" />
  <Project Path="Woohoo.ChecksumCalculator.Cli/Woohoo.ChecksumCalculator.Cli.csproj" />
</Solution>
